
Microsoft Visual Studio Solution File, Format Version 12.00
# Visual Studio Version 17
VisualStudioVersion = 17.5.33414.496
MinimumVisualStudioVersion = 10.0.40219.1
Project("{FAE04EC0-301F-11D3-BF4B-00C04F79EFBC}") = "RFC-InstallUtilPwsh", "RFC-InstallUtilPwsh\RFC-InstallUtilPwsh.csproj", "{E8EF6BE7-891B-46BD-B3BB-363E2FD31A24}"
EndProject
Global
	GlobalSection(SolutionConfigurationPlatforms) = preSolution
		Debug|Any CPU = Debug|Any CPU
		Release|Any CPU = Release|Any CPU
	EndGlobalSection
	GlobalSection(ProjectConfigurationPlatforms) = postSolution
		{E8EF6BE7-891B-46BD-B3BB-363E2FD31A24}.Debug|Any CPU.ActiveCfg = Debug|x64
		{E8EF6BE7-891B-46BD-B3BB-363E2FD31A24}.Debug|Any CPU.Build.0 = Debug|x64
		{E8EF6BE7-891B-46BD-B3BB-363E2FD31A24}.Release|Any CPU.ActiveCfg = Release|Any CPU
		{E8EF6BE7-891B-46BD-B3BB-363E2FD31A24}.Release|Any CPU.Build.0 = Release|Any CPU
	EndGlobalSection
	GlobalSection(SolutionProperties) = preSolution
		HideSolutionNode = FALSE
	EndGlobalSection
	GlobalSection(ExtensibilityGlobals) = postSolution
		SolutionGuid = {4FCDE2B2-3CE2-4771-A5E8-8EC6B5C0105A}
	EndGlobalSection
EndGlobal
